github.com/alessio/shellescape v1.4.1 h1:V7yhSDDn8LP4lc4jS8pFkt0zCnzVJlG5JXy9BVKJUX0=
github.com/alessio/shellescape v1.4.1/go.mod h1:PZAiSCk0LJaZkiCSkPv8qIobYglO3FPpyFjDCtHLS30=
github.com/tidwall/jsonc v0.3.2 h1:ZTKrmejRlAJYdn0kcaFqRAKlxxFIC21pYq8vLa4p2Wc=
github.com/tidwall/jsonc v0.3.2/go.mod h1:dw+3CIxqHi+t8eFSpzzMlcVYxKp08UP5CD8/uSFCyJE=
